
Microsoft Visual Studio Solution File, Format Version 12.00
# Visual Studio Version 17
VisualStudioVersion = 17.5.33530.505
MinimumVisualStudioVersion = 10.0.40219.1
Project("{FAE04EC0-301F-11D3-BF4B-00C04F79EFBC}") = "b_Hotel", "b_Hotel\b_Hotel.csproj", "{5235290B-A0DE-4AAC-80CC-3BA4FA7D956F}"
EndProject
Global
	GlobalSection(SolutionConfigurationPlatforms) = preSolution
		Debug|Any CPU = Debug|Any CPU
		Release|Any CPU = Release|Any CPU
	EndGlobalSection
	GlobalSection(ProjectConfigurationPlatforms) = postSolution
		{5235290B-A0DE-4AAC-80CC-3BA4FA7D956F}.Debug|Any CPU.ActiveCfg = Debug|Any CPU
		{5235290B-A0DE-4AAC-80CC-3BA4FA7D956F}.Debug|Any CPU.Build.0 = Debug|Any CPU
		{5235290B-A0DE-4AAC-80CC-3BA4FA7D956F}.Release|Any CPU.ActiveCfg = Release|Any CPU
		{5235290B-A0DE-4AAC-80CC-3BA4FA7D956F}.Release|Any CPU.Build.0 = Release|Any CPU
	EndGlobalSection
	GlobalSection(SolutionProperties) = preSolution
		HideSolutionNode = FALSE
	EndGlobalSection
	GlobalSection(ExtensibilityGlobals) = postSolution
		SolutionGuid = {11E86C62-FA81-4B5D-91EE-3E34B816D1F8}
	EndGlobalSection
EndGlobal
